# THIS IS AN AUTOGENERATED FILE. DO NOT EDIT THIS FILE DIRECTLY.
# yarn lockfile v1


"@protobufjs/aspromise@^1.1.1", "@protobufjs/aspromise@^1.1.2":
  version "1.1.2"
  resolved "https://registry.yarnpkg.com/@protobufjs/aspromise/-/aspromise-1.1.2.tgz#9b8b0cc663d669a7d8f6f5d0893a14d348f30fbf"
  integrity sha1-m4sMxmPWaafY9vXQiToU00jzD78=

"@protobufjs/base64@^1.1.2":
  version "1.1.2"
  resolved "https://registry.yarnpkg.com/@protobufjs/base64/-/base64-1.1.2.tgz#4c85730e59b9a1f1f349047dbf24296034bb2735"
  integrity sha512-AZkcAA5vnN/v4PDqKyMR5lx7hZttPDgClv83E//FMNhR2TMcLUhfRUBHCmSl0oi9zMgDDqRUJkSxO3wm85+XLg==

"@protobufjs/codegen@^2.0.4":
  version "2.0.4"
  resolved "https://registry.yarnpkg.com/@protobufjs/codegen/-/codegen-2.0.4.tgz#7ef37f0d010fb028ad1ad59722e506d9262815cb"
  integrity sha512-YyFaikqM5sH0ziFZCN3xDC7zeGaB/d0IUb9CATugHWbd1FRFwWwt4ld4OYMPWu5a3Xe01mGAULCdqhMlPl29Jg==

"@protobufjs/eventemitter@^1.1.0":
  version "1.1.0"
  resolved "https://registry.yarnpkg.com/@protobufjs/eventemitter/-/eventemitter-1.1.0.tgz#355cbc98bafad5978f9ed095f397621f1d066b70"
  integrity sha1-NVy8mLr61ZePntCV85diHx0Ga3A=

"@protobufjs/fetch@^1.1.0":
  version "1.1.0"
  resolved "https://registry.yarnpkg.com/@protobufjs/fetch/-/fetch-1.1.0.tgz#ba99fb598614af65700c1619ff06d454b0d84c45"
  integrity sha1-upn7WYYUr2VwDBYZ/wbUVLDYTEU=
  dependencies:
    "@protobufjs/aspromise" "^1.1.1"
    "@protobufjs/inquire" "^1.1.0"

"@protobufjs/float@^1.0.2":
  version "1.0.2"
  resolved "https://registry.yarnpkg.com/@protobufjs/float/-/float-1.0.2.tgz#5e9e1abdcb73fc0a7cb8b291df78c8cbd97b87d1"
  integrity sha1-Xp4avctz/Ap8uLKR33jIy9l7h9E=

"@protobufjs/inquire@^1.1.0":
  version "1.1.0"
  resolved "https://registry.yarnpkg.com/@protobufjs/inquire/-/inquire-1.1.0.tgz#ff200e3e7cf2429e2dcafc1140828e8cc638f089"
  integrity sha1-/yAOPnzyQp4tyvwRQIKOjMY48Ik=

"@protobufjs/path@^1.1.2":
  version "1.1.2"
  resolved "https://registry.yarnpkg.com/@protobufjs/path/-/path-1.1.2.tgz#6cc2b20c5c9ad6ad0dccfd21ca7673d8d7fbf68d"
  integrity sha1-bMKyDFya1q0NzP0hynZz2Nf79o0=

"@protobufjs/pool@^1.1.0":
  version "1.1.0"
  resolved "https://registry.yarnpkg.com/@protobufjs/pool/-/pool-1.1.0.tgz#09fd15f2d6d3abfa9b65bc366506d6ad7846ff54"
  integrity sha1-Cf0V8tbTq/qbZbw2ZQbWrXhG/1Q=

"@protobufjs/utf8@^1.1.0":
  version "1.1.0"
  resolved "https://registry.yarnpkg.com/@protobufjs/utf8/-/utf8-1.1.0.tgz#a777360b5b39a1a2e5106f8e858f2fd2d060c570"
  integrity sha1-p3c2C1s5oaLlEG+OhY8v0tBgxXA=

"@types/google-protobuf@^3.7.3":
  version "3.7.3"
  resolved "https://registry.yarnpkg.com/@types/google-protobuf/-/google-protobuf-3.7.3.tgz#429512e541bbd777f2c867692e6335ee08d1f6d4"
  integrity sha512-FRwj40euE2bYkG+0X5w2nEA8yAzgJRcEa7RBd0Gsdkb9/tPM2pctVVAvnOUTbcXo2VmIHPo0Ae94Gl9vRHfKzg==

"@types/long@^4.0.1":
  version "4.0.1"
  resolved "https://registry.yarnpkg.com/@types/long/-/long-4.0.1.tgz#459c65fa1867dafe6a8f322c4c51695663cc55e9"
  integrity sha512-5tXH6Bx/kNGd3MgffdmP4dy2Z+G4eaXw0SE81Tq3BNadtnMR5/ySMzX4SLEzHJzSmPNn4HIdpQsBvXMUykr58w==

"@types/node@*", "@types/node@^14.10.3":
  version "14.10.3"
  resolved "https://registry.yarnpkg.com/@types/node/-/node-14.10.3.tgz#5ae1f119c96643fc9b19b2d1a83bfa2ec3dbb7ea"
  integrity sha512-zdN0hor7TLkjAdKTnYW+Y22oIhUUpil5ZD1V1OFq0CR0CLKw+NdR6dkziTfkWRLo6sKzisayoj/GNpNbe4LY9Q==

"@types/node@^13.7.0":
  version "13.13.21"
  resolved "https://registry.yarnpkg.com/@types/node/-/node-13.13.21.tgz#e48d3c2e266253405cf404c8654d1bcf0d333e5c"
  integrity sha512-tlFWakSzBITITJSxHV4hg4KvrhR/7h3xbJdSFbYJBVzKubrASbnnIFuSgolUh7qKGo/ZeJPKUfbZ0WS6Jp14DQ==

"@types/websocket@^1.0.1":
  version "1.0.1"
  resolved "https://registry.yarnpkg.com/@types/websocket/-/websocket-1.0.1.tgz#039272c196c2c0e4868a0d8a1a27bbb86e9e9138"
  integrity sha512-f5WLMpezwVxCLm1xQe/kdPpQIOmL0TXYx2O15VYfYzc7hTIdxiOoOvez+McSIw3b7z/1zGovew9YSL7+h4h7/Q==
  dependencies:
    "@types/node" "*"

bufferutil@^4.0.1:
  version "4.0.1"
  resolved "https://registry.yarnpkg.com/bufferutil/-/bufferutil-4.0.1.tgz#3a177e8e5819a1243fe16b63a199951a7ad8d4a7"
  integrity sha512-xowrxvpxojqkagPcWRQVXZl0YXhRhAtBEIq3VoER1NH5Mw1n1o0ojdspp+GS2J//2gCVyrzQDApQ4unGF+QOoA==
  dependencies:
    node-gyp-build "~3.7.0"

d@1, d@^1.0.1:
  version "1.0.1"
  resolved "https://registry.yarnpkg.com/d/-/d-1.0.1.tgz#8698095372d58dbee346ffd0c7093f99f8f9eb5a"
  integrity sha512-m62ShEObQ39CfralilEQRjH6oAMtNCV1xJyEx5LpRYUVN+EviphDgUc/F3hnYbADmkiNs67Y+3ylmlG7Lnu+FA==
  dependencies:
    es5-ext "^0.10.50"
    type "^1.0.1"

debug@^2.2.0:
  version "2.6.9"
  resolved "https://registry.yarnpkg.com/debug/-/debug-2.6.9.tgz#5d128515df134ff327e90a4c93f4e077a536341f"
  integrity sha512-bC7ElrdJaJnPbAP+1EotYvqZsb3ecl5wi6Bfi6BJTUcNowp6cvspg0jXznRTKDjm/E7AdgFBVeAPVMNcKGsHMA==
  dependencies:
    ms "2.0.0"

es5-ext@^0.10.35, es5-ext@^0.10.50:
  version "0.10.53"
  resolved "https://registry.yarnpkg.com/es5-ext/-/es5-ext-0.10.53.tgz#93c5a3acfdbef275220ad72644ad02ee18368de1"
  integrity sha512-Xs2Stw6NiNHWypzRTY1MtaG/uJlwCk8kH81920ma8mvN8Xq1gsfhZvpkImLQArw8AHnv8MT2I45J3c0R8slE+Q==
  dependencies:
    es6-iterator "~2.0.3"
    es6-symbol "~3.1.3"
    next-tick "~1.0.0"

es6-iterator@~2.0.3:
  version "2.0.3"
  resolved "https://registry.yarnpkg.com/es6-iterator/-/es6-iterator-2.0.3.tgz#a7de889141a05a94b0854403b2d0a0fbfa98f3b7"
  integrity sha1-p96IkUGgWpSwhUQDstCg+/qY87c=
  dependencies:
    d "1"
    es5-ext "^0.10.35"
    es6-symbol "^3.1.1"

es6-symbol@^3.1.1, es6-symbol@~3.1.3:
  version "3.1.3"
  resolved "https://registry.yarnpkg.com/es6-symbol/-/es6-symbol-3.1.3.tgz#bad5d3c1bcdac28269f4cb331e431c78ac705d18"
  integrity sha512-NJ6Yn3FuDinBaBRWl/q5X/s4koRHBrgKAu+yGI6JCBeiu3qrcbJhwT2GeR/EXVfylRk8dpQVJoLEFhK+Mu31NA==
  dependencies:
    d "^1.0.1"
    ext "^1.1.2"

ext@^1.1.2:
  version "1.4.0"
  resolved "https://registry.yarnpkg.com/ext/-/ext-1.4.0.tgz#89ae7a07158f79d35517882904324077e4379244"
  integrity sha512-Key5NIsUxdqKg3vIsdw9dSuXpPCQ297y6wBjL30edxwPgt2E44WcWBZey/ZvUc6sERLTxKdyCu4gZFmUbk1Q7A==
  dependencies:
    type "^2.0.0"

google-protobuf@^3.13.0, google-protobuf@^3.6.1:
  version "3.13.0"
  resolved "https://registry.yarnpkg.com/google-protobuf/-/google-protobuf-3.13.0.tgz#909c5983d75dd6101ed57c79e0528d000cdc3251"
  integrity sha512-ZIf3qfLFayVrPvAjeKKxO5FRF1/NwRxt6Dko+fWEMuHwHbZx8/fcaAao9b0wCM6kr8qeg2te8XTpyuvKuD9aKw==

is-typedarray@^1.0.0:
  version "1.0.0"
  resolved "https://registry.yarnpkg.com/is-typedarray/-/is-typedarray-1.0.0.tgz#e479c80858df0c1b11ddda6940f96011fcda4a9a"
  integrity sha1-5HnICFjfDBsR3dppQPlgEfzaSpo=

js-base64@^3.5.2:
  version "3.5.2"
  resolved "https://registry.yarnpkg.com/js-base64/-/js-base64-3.5.2.tgz#3cc800e4f10812b55fb5ec53e7cabaef35dc6d3c"
  integrity sha512-VG2qfvV5rEQIVxq9UmAVyWIaOdZGt9M16BLu8vFkyWyhv709Hyg4nKUb5T+Ru+HmAr9RHdF+kQDKAhbJlcdKeQ==

long@^4.0.0:
  version "4.0.0"
  resolved "https://registry.yarnpkg.com/long/-/long-4.0.0.tgz#9a7b71cfb7d361a194ea555241c92f7468d5bf28"
  integrity sha512-XsP+KhQif4bjX1kbuSiySJFNAehNxgLb6hPRGJ9QsUr8ajHkuXGdrHmFUTUUXhDwVX2R5bY4JNZEwbUiMhV+MA==

ms@2.0.0:
  version "2.0.0"
  resolved "https://registry.yarnpkg.com/ms/-/ms-2.0.0.tgz#5608aeadfc00be6c2901df5f9861788de0d597c8"
  integrity sha1-VgiurfwAvmwpAd9fmGF4jeDVl8g=

next-tick@~1.0.0:
  version "1.0.0"
  resolved "https://registry.yarnpkg.com/next-tick/-/next-tick-1.0.0.tgz#ca86d1fe8828169b0120208e3dc8424b9db8342c"
  integrity sha1-yobR/ogoFpsBICCOPchCS524NCw=

node-gyp-build@~3.7.0:
  version "3.7.0"
  resolved "https://registry.yarnpkg.com/node-gyp-build/-/node-gyp-build-3.7.0.tgz#daa77a4f547b9aed3e2aac779eaf151afd60ec8d"
  integrity sha512-L/Eg02Epx6Si2NXmedx+Okg+4UHqmaf3TNcxd50SF9NQGcJaON3AtU++kax69XV7YWz4tUspqZSAsVofhFKG2w==

protobufjs@^6.10.1:
  version "6.10.1"
  resolved "https://registry.yarnpkg.com/protobufjs/-/protobufjs-6.10.1.tgz#e6a484dd8f04b29629e9053344e3970cccf13cd2"
  integrity sha512-pb8kTchL+1Ceg4lFd5XUpK8PdWacbvV5SK2ULH2ebrYtl4GjJmS24m6CKME67jzV53tbJxHlnNOSqQHbTsR9JQ==
  dependencies:
    "@protobufjs/aspromise" "^1.1.2"
    "@protobufjs/base64" "^1.1.2"
    "@protobufjs/codegen" "^2.0.4"
    "@protobufjs/eventemitter" "^1.1.0"
    "@protobufjs/fetch" "^1.1.0"
    "@protobufjs/float" "^1.0.2"
    "@protobufjs/inquire" "^1.1.0"
    "@protobufjs/path" "^1.1.2"
    "@protobufjs/pool" "^1.1.0"
    "@protobufjs/utf8" "^1.1.0"
    "@types/long" "^4.0.1"
    "@types/node" "^13.7.0"
    long "^4.0.0"

ts-protoc-gen@^0.13.0:
  version "0.13.0"
  resolved "https://registry.yarnpkg.com/ts-protoc-gen/-/ts-protoc-gen-0.13.0.tgz#2763ae4e4a1a7d7001d53d2f3043357c691701ea"
  integrity sha512-j18X4rkDBbG/ZHUJy88WFeZP6mStGow5uREaohowlHXTu3/N7WcpyPhb7Vh6wN38ERmc/AkT9gqT98+vtlRhJA==
  dependencies:
    google-protobuf "^3.6.1"

type@^1.0.1:
  version "1.2.0"
  resolved "https://registry.yarnpkg.com/type/-/type-1.2.0.tgz#848dd7698dafa3e54a6c479e759c4bc3f18847a0"
  integrity sha512-+5nt5AAniqsCnu2cEQQdpzCAh33kVx8n0VoFidKpB1dVVLAN/F+bgVOqOJqOnEnrhp222clB5p3vUlD+1QAnfg==

type@^2.0.0:
  version "2.1.0"
  resolved "https://registry.yarnpkg.com/type/-/type-2.1.0.tgz#9bdc22c648cf8cf86dd23d32336a41cfb6475e3f"
  integrity sha512-G9absDWvhAWCV2gmF1zKud3OyC61nZDwWvBL2DApaVFogI07CprggiQAOOjvp2NRjYWFzPyu7vwtDrQFq8jeSA==

typedarray-to-buffer@^3.1.5:
  version "3.1.5"
  resolved "https://registry.yarnpkg.com/typedarray-to-buffer/-/typedarray-to-buffer-3.1.5.tgz#a97ee7a9ff42691b9f783ff1bc5112fe3fca9080"
  integrity sha512-zdu8XMNEDepKKR+XYOXAVPtWui0ly0NtohUscw+UmaHiAWT8hrV1rr//H6V+0DvJ3OQ19S979M0laLfX8rm82Q==
  dependencies:
    is-typedarray "^1.0.0"

typescript@^4.0.2:
  version "4.0.2"
  resolved "https://registry.yarnpkg.com/typescript/-/typescript-4.0.2.tgz#7ea7c88777c723c681e33bf7988be5d008d05ac2"
  integrity sha512-e4ERvRV2wb+rRZ/IQeb3jm2VxBsirQLpQhdxplZ2MEzGvDkkMmPglecnNDfSUBivMjP93vRbngYYDQqQ/78bcQ==

utf-8-validate@^5.0.2:
  version "5.0.2"
  resolved "https://registry.yarnpkg.com/utf-8-validate/-/utf-8-validate-5.0.2.tgz#63cfbccd85dc1f2b66cf7a1d0eebc08ed056bfb3"
  integrity sha512-SwV++i2gTD5qh2XqaPzBnNX88N6HdyhQrNNRykvcS0QKvItV9u3vPEJr+X5Hhfb1JC0r0e1alL0iB09rY8+nmw==
  dependencies:
    node-gyp-build "~3.7.0"

websocket@^1.0.32:
  version "1.0.32"
  resolved "https://registry.yarnpkg.com/websocket/-/websocket-1.0.32.tgz#1f16ddab3a21a2d929dec1687ab21cfdc6d3dbb1"
  integrity sha512-i4yhcllSP4wrpoPMU2N0TQ/q0O94LRG/eUQjEAamRltjQ1oT1PFFKOG4i877OlJgCG8rw6LrrowJp+TYCEWF7Q==
  dependencies:
    bufferutil "^4.0.1"
    debug "^2.2.0"
    es5-ext "^0.10.50"
    typedarray-to-buffer "^3.1.5"
    utf-8-validate "^5.0.2"
    yaeti "^0.0.6"

yaeti@^0.0.6:
  version "0.0.6"
  resolved "https://registry.yarnpkg.com/yaeti/-/yaeti-0.0.6.tgz#f26f484d72684cf42bedfb76970aa1608fbf9577"
  integrity sha1-8m9ITXJoTPQr7ft2lwqhYI+/lXc=
